// !$*UTF8*$!
{
	archiveVersion = 1;
	classes = {
	};
	objectVersion = 50;
	objects = {

/* Begin PBXBuildFile section */
		5F4AF142236B10DB00A7C71B /* AppDelegate.swift in Sources */ = {isa = PBXBuildFile; fileRef = 5F4AF141236B10DB00A7C71B /* AppDelegate.swift */; };
		5F4AF144236B10DB00A7C71B /* SceneDelegate.swift in Sources */ = {isa = PBXBuildFile; fileRef = 5F4AF143236B10DB00A7C71B /* SceneDelegate.swift */; };
		5F4AF146236B10DB00A7C71B /* ViewController.swift in Sources */ = {isa = PBXBuildFile; fileRef = 5F4AF145236B10DB00A7C71B /* ViewController.swift */; };
		5F4AF149236B10DB00A7C71B /* Main.storyboard in Resources */ = {isa = PBXBuildFile; fileRef = 5F4AF147236B10DB00A7C71B /* Main.storyboard */; };
		5F4AF14B236B10DD00A7C71B /* Assets.xcassets in Resources */ = {isa = PBXBuildFile; fileRef = 5F4AF14A236B10DD00A7C71B /* Assets.xcassets */; };
		5F4AF14E236B10DD00A7C71B /* LaunchScreen.storyboard in Resources */ = {isa = PBXBuildFile; fileRef = 5F4AF14C236B10DD00A7C71B /* LaunchScreen.storyboard */; };
		5F4AF156236B116200A7C71B /* UIColorExtension.swift in Sources */ = {isa = PBXBuildFile; fileRef = 5F4AF155236B116200A7C71B /* UIColorExtension.swift */; };
		5F8457082375E3E1007976F4 /* Sliver.swift in Sources */ = {isa = PBXBuildFile; fileRef = 5F8457072375E3E1007976F4 /* Sliver.swift */; };
/* End PBXBuildFile section */

/* Begin PBXFileReference section */
		5F4AF13E236B10DB00A7C71B /* MaterialColors.app */ = {isa = PBXFileReference; explicitFileType = wrapper.application; includeInIndex = 0; path = MaterialColors.app; sourceTree = BUILT_PRODUCTS_DIR; };
		5F4AF141236B10DB00A7C71B /* AppDelegate.swift */ = {isa = PBXFileReference; lastKnownFileType = sourcecode.swift; path = AppDelegate.swift; sourceTree = "<group>"; };
		5F4AF143236B10DB00A7C71B /* SceneDelegate.swift */ = {isa = PBXFileReference; lastKnownFileType = sourcecode.swift; path = SceneDelegate.swift; sourceTree = "<group>"; };
		5F4AF145236B10DB00A7C71B /* ViewController.swift */ = {isa = PBXFileReference; lastKnownFileType = sourcecode.swift; path = ViewController.swift; sourceTree = "<group>"; };
		5F4AF148236B10DB00A7C71B /* Base */ = {isa = PBXFileReference; lastKnownFileType = file.storyboard; name = Base; path = Base.lproj/Main.storyboard; sourceTree = "<group>"; };
		5F4AF14A236B10DD00A7C71B /* Assets.xcassets */ = {isa = PBXFileReference; lastKnownFileType = folder.assetcatalog; path = Assets.xcassets; sourceTree = "<group>"; };
		5F4AF14D236B10DD00A7C71B /* Base */ = {isa = PBXFileReference; lastKnownFileType = file.storyboard; name = Base; path = Base.lproj/LaunchScreen.storyboard; sourceTree = "<group>"; };
		5F4AF14F236B10DD00A7C71B /* Info.plist */ = {isa = PBXFileReference; lastKnownFileType = text.plist.xml; path = Info.plist; sourceTree = "<group>"; };
		5F4AF155236B116200A7C71B /* UIColorExtension.swift */ = {isa = PBXFileReference; lastKnownFileType = sourcecode.swift; path = UIColorExtension.swift; sourceTree = "<group>"; };
		5F8457072375E3E1007976F4 /* Sliver.swift */ = {isa = PBXFileReference; lastKnownFileType = sourcecode.swift; path = Sliver.swift; sourceTree = "<group>"; };
/* End PBXFileReference section */

/* Begin PBXFrameworksBuildPhase section */
		5F4AF13B236B10DB00A7C71B /* Frameworks */ = {
			isa = PBXFrameworksBuildPhase;
			buildActionMask = 2147483647;
			files = (
			);
			runOnlyForDeploymentPostprocessing = 0;
		};
/* End PBXFrameworksBuildPhase section */

/* Begin PBXGroup section */
		5F4AF135236B10DB00A7C71B = {
			isa = PBXGroup;
			children = (
				5F4AF140236B10DB00A7C71B /* MaterialColors */,
				5F4AF13F236B10DB00A7C71B /* Products */,
			);
			sourceTree = "<group>";
		};
		5F4AF13F236B10DB00A7C71B /* Products */ = {
			isa = PBXGroup;
			children = (
				5F4AF13E236B10DB00A7C71B /* MaterialColors.app */,
			);
			name = Products;
			sourceTree = "<group>";
		};
		5F4AF140236B10DB00A7C71B /* MaterialColors */ = {
			isa = PBXGroup;
			children = (
				5F4AF141236B10DB00A7C71B /* AppDelegate.swift */,
				5F4AF143236B10DB00A7C71B /* SceneDelegate.swift */,
				5F4AF145236B10DB00A7C71B /* ViewController.swift */,
				5F4AF155236B116200A7C71B /* UIColorExtension.swift */,
				5F8457072375E3E1007976F4 /* Sliver.swift */,
				5F4AF147236B10DB00A7C71B /* Main.storyboard */,
				5F4AF14A236B10DD00A7C71B /* Assets.xcassets */,
				5F4AF14C236B10DD00A7C71B /* LaunchScreen.storyboard */,
				5F4AF14F236B10DD00A7C71B /* Info.plist */,
			);
			path = MaterialColors;
			sourceTree = "<group>";
		};
/* End PBXGroup section */

/* Begin PBXNativeTarget section */
		5F4AF13D236B10DB00A7C71B /* MaterialColors */ = {
			isa = PBXNativeTarget;
			buildConfigurationList = 5F4AF152236B10DD00A7C71B /* Build configuration list for PBXNativeTarget "MaterialColors" */;
			buildPhases = (
				5F4AF13A236B10DB00A7C71B /* Sources */,
				5F4AF13B236B10DB00A7C71B /* Frameworks */,
				5F4AF13C236B10DB00A7C71B /* Resources */,
			);
			buildRules = (
			);
			dependencies = (
			);
			name = MaterialColors;
			productName = MaterialColors;
			productReference = 5F4AF13E236B10DB00A7C71B /* MaterialColors.app */;
			productType = "com.apple.product-type.application";
		};
/* End PBXNativeTarget section */

/* Begin PBXProject section */
		5F4AF136236B10DB00A7C71B /* Project object */ = {
			isa = PBXProject;
			attributes = {
				LastSwiftUpdateCheck = 1110;
				LastUpgradeCheck = 1110;
				ORGANIZATIONNAME = "Eric Dolecki";
				TargetAttributes = {
					5F4AF13D236B10DB00A7C71B = {
						CreatedOnToolsVersion = 11.1;
					};
				};
			};
			buildConfigurationList = 5F4AF139236B10DB00A7C71B /* Build configuration list for PBXProject "MaterialColors" */;
			compatibilityVersion = "Xcode 9.3";
			developmentRegion = en;
			hasScannedForEncodings = 0;
			knownRegions = (
				en,
				Base,
			);
			mainGroup = 5F4AF135236B10DB00A7C71B;
			productRefGroup = 5F4AF13F236B10DB00A7C71B /* Products */;
			projectDirPath = "";
			projectRoot = "";
			targets = (
				5F4AF13D236B10DB00A7C71B /* MaterialColors */,
			);
		};
/* End PBXProject section */

/* Begin PBXResourcesBuildPhase section */
		5F4AF13C236B10DB00A7C71B /* Resources */ = {
			isa = PBXResourcesBuildPhase;
			buildActionMask = 2147483647;
			files = (
				5F4AF14E236B10DD00A7C71B /* LaunchScreen.storyboard in Resources */,
				5F4AF14B236B10DD00A7C71B /* Assets.xcassets in Resources */,
				5F4AF149236B10DB00A7C71B /* Main.storyboard in Resources */,
			);
			runOnlyForDeploymentPostprocessing = 0;
		};
/* End PBXResourcesBuildPhase section */

/* Begin PBXSourcesBuildPhase section */
		5F4AF13A236B10DB00A7C71B /* Sources */ = {
			isa = PBXSourcesBuildPhase;
			buildActionMask = 2147483647;
			files = (
				5F4AF146236B10DB00A7C71B /* ViewController.swift in Sources */,
				5F8457082375E3E1007976F4 /* Sliver.swift in Sources */,
				5F4AF142236B10DB00A7C71B /* AppDelegate.swift in Sources */,
				5F4AF144236B10DB00A7C71B /* SceneDelegate.swift in Sources */,
				5F4AF156236B116200A7C71B /* UIColorExtension.swift in Sources */,
			);
			runOnlyForDeploymentPostprocessing = 0;
		};
/* End PBXSourcesBuildPhase section */

/* Begin PBXVariantGroup section */
		5F4AF147236B10DB00A7C71B /* Main.storyboard */ = {
			isa = PBXVariantGroup;
			children = (
				5F4AF148236B10DB00A7C71B /* Base */,
			);
			name = Main.storyboard;
			sourceTree = "<group>";
		};
		5F4AF14C236B10DD00A7C71B /* LaunchScreen.storyboard */ = {
			isa = PBXVariantGroup;
			children = (
				5F4AF14D236B10DD00A7C71B /* Base */,
			);
			name = LaunchScreen.storyboard;
			sourceTree = "<group>";
		};
/* End PBXVariantGroup section */

/* Begin XCBuildConfiguration section */
		5F4AF150236B10DD00A7C71B /* Debug */ = {
			isa = XCBuildConfiguration;
			buildSettings = {
				ALWAYS_SEARCH_USER_PATHS = NO;
				CLANG_ANALYZER_NONNULL = YES;
				CLANG_ANALYZER_NUMBER_OBJECT_CONVERSION = YES_AGGRESSIVE;
				CLANG_CXX_LANGUAGE_STANDARD = "gnu++14";
				CLANG_CXX_LIBRARY = "libc++";
				CLANG_ENABLE_MODULES = YES;
				CLANG_ENABLE_OBJC_ARC = YES;
				CLANG_ENABLE_OBJC_WEAK = YES;
				CLANG_WARN_BLOCK_CAPTURE_AUTORELEASING = YES;
				CLANG_WARN_BOOL_CONVERSION = YES;
				CLANG_WARN_COMMA = YES;
				CLANG_WARN_CONSTANT_CONVERSION = YES;
				CLANG_WARN_DEPRECATED_OBJC_IMPLEMENTATIONS = YES;
				CLANG_WARN_DIRECT_OBJC_ISA_USAGE = YES_ERROR;
				CLANG_WARN_DOCUMENTATION_COMMENTS = YES;
				CLANG_WARN_EMPTY_BODY = YES;
				CLANG_WARN_ENUM_CONVERSION = YES;
				CLANG_WARN_INFINITE_RECURSION = YES;
				CLANG_WARN_INT_CONVERSION = YES;
				CLANG_WARN_NON_LITERAL_NULL_CONVERSION = YES;
				CLANG_WARN_OBJC_IMPLICIT_RETAIN_SELF = YES;
				CLANG_WARN_OBJC_LITERAL_CONVERSION = YES;
				CLANG_WARN_OBJC_ROOT_CLASS = YES_ERROR;
				CLANG_WARN_RANGE_LOOP_ANALYSIS = YES;
				CLANG_WARN_STRICT_PROTOTYPES = YES;
				CLANG_WARN_SUSPICIOUS_MOVE = YES;
				CLANG_WARN_UNGUARDED_AVAILABILITY = YES_AGGRESSIVE;
				CLANG_WARN_UNREACHABLE_CODE = YES;
				CLANG_WARN__DUPLICATE_METHOD_MATCH = YES;
				COPY_PHASE_STRIP = NO;
				DEBUG_INFORMATION_FORMAT = dwarf;
				ENABLE_STRICT_OBJC_MSGSEND = YES;
				ENABLE_TESTABILITY = YES;
				GCC_C_LANGUAGE_STANDARD = gnu11;
				GCC_DYNAMIC_NO_PIC = NO;
				GCC_NO_COMMON_BLOCKS = YES;
				GCC_OPTIMIZATION_LEVEL = 0;
				GCC_PREPROCESSOR_DEFINITIONS = (
					"DEBUG=1",
					"$(inherited)",
				);
				GCC_WARN_64_TO_32_BIT_CONVERSION = YES;
				GCC_WARN_ABOUT_RETURN_TYPE = YES_ERROR;
				GCC_WARN_UNDECLARED_SELECTOR = YES;
				GCC_WARN_UNINITIALIZED_AUTOS = YES_AGGRESSIVE;
				GCC_WARN_UNUSED_FUNCTION = YES;
				GCC_WARN_UNUSED_VARIABLE = YES;
				IPHONEOS_DEPLOYMENT_TARGET = 13.1;
				MTL_ENABLE_DEBUG_INFO = INCLUDE_SOURCE;
				MTL_FAST_MATH = YES;
				ONLY_ACTIVE_ARCH = YES;
				SDKROOT = iphoneos;
				SWIFT_ACTIVE_COMPILATION_CONDITIONS = DEBUG;
				SWIFT_OPTIMIZATION_LEVEL = "-Onone";
			};
			name = Debug;
		};
		5F4AF151236B10DD00A7C71B /* Release */ = {
			isa = XCBuildConfiguration;
			buildSettings = {
				ALWAYS_SEARCH_USER_PATHS = NO;
				CLANG_ANALYZER_NONNULL = YES;
				CLANG_ANALYZER_NUMBER_OBJECT_CONVERSION = YES_AGGRESSIVE;
				CLANG_CXX_LANGUAGE_STANDARD = "gnu++14";
				CLANG_CXX_LIBRARY = "libc++";
				CLANG_ENABLE_MODULES = YES;
				CLANG_ENABLE_OBJC_ARC = YES;
				CLANG_ENABLE_OBJC_WEAK = YES;
				CLANG_WARN_BLOCK_CAPTURE_AUTORELEASING = YES;
				CLANG_WARN_BOOL_CONVERSION = YES;
				CLANG_WARN_COMMA = YES;
				CLANG_WARN_CONSTANT_CONVERSION = YES;
				CLANG_WARN_DEPRECATED_OBJC_IMPLEMENTATIONS = YES;
				CLANG_WARN_DIRECT_OBJC_ISA_USAGE = YES_ERROR;
				CLANG_WARN_DOCUMENTATION_COMMENTS = YES;
				CLANG_WARN_EMPTY_BODY = YES;
				CLANG_WARN_ENUM_CONVERSION = YES;
				CLANG_WARN_INFINITE_RECURSION = YES;
				CLANG_WARN_INT_CONVERSION = YES;
				CLANG_WARN_NON_LITERAL_NULL_CONVERSION = YES;
				CLANG_WARN_OBJC_IMPLICIT_RETAIN_SELF = YES;
				CLANG_WARN_OBJC_LITERAL_CONVERSION = YES;
				CLANG_WARN_OBJC_ROOT_CLASS = YES_ERROR;
				CLANG_WARN_RANGE_LOOP_ANALYSIS = YES;
				CLANG_WARN_STRICT_PROTOTYPES = YES;
				CLANG_WARN_SUSPICIOUS_MOVE = YES;
				CLANG_WARN_UNGUARDED_AVAILABILITY = YES_AGGRESSIVE;
				CLANG_WARN_UNREACHABLE_CODE = YES;
				CLANG_WARN__DUPLICATE_METHOD_MATCH = YES;
				COPY_PHASE_STRIP = NO;
				DEBUG_INFORMATION_FORMAT = "dwarf-with-dsym";
				ENABLE_NS_ASSERTIONS = NO;
				ENABLE_STRICT_OBJC_MSGSEND = YES;
				GCC_C_LANGUAGE_STANDARD = gnu11;
				GCC_NO_COMMON_BLOCKS = YES;
				GCC_WARN_64_TO_32_BIT_CONVERSION = YES;
				GCC_WARN_ABOUT_RETURN_TYPE = YES_ERROR;
				GCC_WARN_UNDECLARED_SELECTOR = YES;
				GCC_WARN_UNINITIALIZED_AUTOS = YES_AGGRESSIVE;
				GCC_WARN_UNUSED_FUNCTION = YES;
				GCC_WARN_UNUSED_VARIABLE = YES;
				IPHONEOS_DEPLOYMENT_TARGET = 13.1;
				MTL_ENABLE_DEBUG_INFO = NO;
				MTL_FAST_MATH = YES;
				SDKROOT = iphoneos;
				SWIFT_COMPILATION_MODE = wholemodule;
				SWIFT_OPTIMIZATION_LEVEL = "-O";
				VALIDATE_PRODUCT = YES;
			};
			name = Release;
		};
		5F4AF153236B10DD00A7C71B /* Debug */ = {
			isa = XCBuildConfiguration;
			buildSettings = {
				ASSETCATALOG_COMPILER_APPICON_NAME = AppIcon;
				CODE_SIGN_STYLE = Automatic;
				DEVELOPMENT_TEAM = 83R86539GB;
				INFOPLIST_FILE = MaterialColors/Info.plist;
				LD_RUNPATH_SEARCH_PATHS = (
					"$(inherited)",
					"@executable_path/Frameworks",
				);
				PRODUCT_BUNDLE_IDENTIFIER = net.ericd.MaterialColors;
				PRODUCT_NAME = "$(TARGET_NAME)";
				SWIFT_VERSION = 5.0;
				TARGETED_DEVICE_FAMILY = "1,2";
			};
			name = Debug;
		};
		5F4AF154236B10DD00A7C71B /* Release */ = {
			isa = XCBuildConfiguration;
			buildSettings = {
				ASSETCATALOG_COMPILER_APPICON_NAME = AppIcon;
				CODE_SIGN_STYLE = Automatic;
				DEVELOPMENT_TEAM = 83R86539GB;
				INFOPLIST_FILE = MaterialColors/Info.plist;
				LD_RUNPATH_SEARCH_PATHS = (
					"$(inherited)",
					"@executable_path/Frameworks",
				);
				PRODUCT_BUNDLE_IDENTIFIER = net.ericd.MaterialColors;
				PRODUCT_NAME = "$(TARGET_NAME)";
				SWIFT_VERSION = 5.0;
				TARGETED_DEVICE_FAMILY = "1,2";
			};
			name = Release;
		};
/* End XCBuildConfiguration section */

/* Begin XCConfigurationList section */
		5F4AF139236B10DB00A7C71B /* Build configuration list for PBXProject "MaterialColors" */ = {
			isa = XCConfigurationList;
			buildConfigurations = (
				5F4AF150236B10DD00A7C71B /* Debug */,
				5F4AF151236B10DD00A7C71B /* Release */,
			);
			defaultConfigurationIsVisible = 0;
			defaultConfigurationName = Release;
		};
		5F4AF152236B10DD00A7C71B /* Build configuration list for PBXNativeTarget "MaterialColors" */ = {
			isa = XCConfigurationList;
			buildConfigurations = (
				5F4AF153236B10DD00A7C71B /* Debug */,
				5F4AF154236B10DD00A7C71B /* Release */,
			);
			defaultConfigurationIsVisible = 0;
			defaultConfigurationName = Release;
		};
/* End XCConfigurationList section */
	};
	rootObject = 5F4AF136236B10DB00A7C71B /* Project object */;
}
